// !$*UTF8*$!
{
	archiveVersion = 1;
	classes = {
	};
	objectVersion = 77;
	objects = {

/* Begin PBXContainerItemProxy section */
		C3946D772E703F8700363046 /* PBXContainerItemProxy */ = {
			isa = PBXContainerItemProxy;
			containerPortal = C3946D612E703F8600363046 /* Project object */;
			proxyType = 1;
			remoteGlobalIDString = C3946D682E703F8600363046;
			remoteInfo = CleanArchitectureStudyiOS;
		};
		C3946D812E703F8700363046 /* PBXContainerItemProxy */ = {
			isa = PBXContainerItemProxy;
			containerPortal = C3946D612E703F8600363046 /* Project object */;
			proxyType = 1;
			remoteGlobalIDString = C3946D682E703F8600363046;
			remoteInfo = CleanArchitectureStudyiOS;
		};
/* End PBXContainerItemProxy section */

/* Begin PBXFileReference section */
		C3946D692E703F8600363046 /* CleanArchitectureStudyiOS.app */ = {isa = PBXFileReference; explicitFileType = wrapper.application; includeInIndex = 0; path = CleanArchitectureStudyiOS.app; sourceTree = BUILT_PRODUCTS_DIR; };
		C3946D762E703F8700363046 /* CleanArchitectureStudyiOSTests.xctest */ = {isa = PBXFileReference; explicitFileType = wrapper.cfbundle; includeInIndex = 0; path = CleanArchitectureStudyiOSTests.xctest; sourceTree = BUILT_PRODUCTS_DIR; };
		C3946D802E703F8700363046 /* CleanArchitectureStudyiOSUITests.xctest */ = {isa = PBXFileReference; explicitFileType = wrapper.cfbundle; includeInIndex = 0; path = CleanArchitectureStudyiOSUITests.xctest; sourceTree = BUILT_PRODUCTS_DIR; };
/* End PBXFileReference section */

/* Begin PBXFileSystemSynchronizedRootGroup section */
		C3946D6B2E703F8600363046 /* CleanArchitectureStudyiOS */ = {
			isa = PBXFileSystemSynchronizedRootGroup;
			path = CleanArchitectureStudyiOS;
			sourceTree = "<group>";
		};
		C3946D792E703F8700363046 /* CleanArchitectureStudyiOSTests */ = {
			isa = PBXFileSystemSynchronizedRootGroup;
			path = CleanArchitectureStudyiOSTests;
			sourceTree = "<group>";
		};
		C3946D832E703F8700363046 /* CleanArchitectureStudyiOSUITests */ = {
			isa = PBXFileSystemSynchronizedRootGroup;
			path = CleanArchitectureStudyiOSUITests;
			sourceTree = "<group>";
		};
/* End PBXFileSystemSynchronizedRootGroup section */

/* Begin PBXFrameworksBuildPhase section */
		C3946D662E703F8600363046 /* Frameworks */ = {
			isa = PBXFrameworksBuildPhase;
			buildActionMask = 2147483647;
			files = (
			);
			runOnlyForDeploymentPostprocessing = 0;
		};
		C3946D732E703F8700363046 /* Frameworks */ = {
			isa = PBXFrameworksBuildPhase;
			buildActionMask = 2147483647;
			files = (
			);
			runOnlyForDeploymentPostprocessing = 0;
		};
		C3946D7D2E703F8700363046 /* Frameworks */ = {
			isa = PBXFrameworksBuildPhase;
			buildActionMask = 2147483647;
			files = (
			);
			runOnlyForDeploymentPostprocessing = 0;
		};
/* End PBXFrameworksBuildPhase section */

/* Begin PBXGroup section */
		C3946D602E703F8600363046 = {
			isa = PBXGroup;
			children = (
				C3946D6B2E703F8600363046 /* CleanArchitectureStudyiOS */,
				C3946D792E703F8700363046 /* CleanArchitectureStudyiOSTests */,
				C3946D832E703F8700363046 /* CleanArchitectureStudyiOSUITests */,
				C3946D6A2E703F8600363046 /* Products */,
			);
			sourceTree = "<group>";
		};
		C3946D6A2E703F8600363046 /* Products */ = {
			isa = PBXGroup;
			children = (
				C3946D692E703F8600363046 /* CleanArchitectureStudyiOS.app */,
				C3946D762E703F8700363046 /* CleanArchitectureStudyiOSTests.xctest */,
				C3946D802E703F8700363046 /* CleanArchitectureStudyiOSUITests.xctest */,
			);
			name = Products;
			sourceTree = "<group>";
		};
/* End PBXGroup section */

/* Begin PBXNativeTarget section */
		C3946D682E703F8600363046 /* CleanArchitectureStudyiOS */ = {
			isa = PBXNativeTarget;
			buildConfigurationList = C3946D8A2E703F8700363046 /* Build configuration list for PBXNativeTarget "CleanArchitectureStudyiOS" */;
			buildPhases = (
				C3946D652E703F8600363046 /* Sources */,
				C3946D662E703F8600363046 /* Frameworks */,
				C3946D672E703F8600363046 /* Resources */,
			);
			buildRules = (
			);
			dependencies = (
			);
			fileSystemSynchronizedGroups = (
				C3946D6B2E703F8600363046 /* CleanArchitectureStudyiOS */,
			);
			name = CleanArchitectureStudyiOS;
			packageProductDependencies = (
			);
			productName = CleanArchitectureStudyiOS;
			productReference = C3946D692E703F8600363046 /* CleanArchitectureStudyiOS.app */;
			productType = "com.apple.product-type.application";
		};
		C3946D752E703F8700363046 /* CleanArchitectureStudyiOSTests */ = {
			isa = PBXNativeTarget;
			buildConfigurationList = C3946D8D2E703F8700363046 /* Build configuration list for PBXNativeTarget "CleanArchitectureStudyiOSTests" */;
			buildPhases = (
				C3946D722E703F8700363046 /* Sources */,
				C3946D732E703F8700363046 /* Frameworks */,
				C3946D742E703F8700363046 /* Resources */,
			);
			buildRules = (
			);
			dependencies = (
				C3946D782E703F8700363046 /* PBXTargetDependency */,
			);
			fileSystemSynchronizedGroups = (
				C3946D792E703F8700363046 /* CleanArchitectureStudyiOSTests */,
			);
			name = CleanArchitectureStudyiOSTests;
			packageProductDependencies = (
			);
			productName = CleanArchitectureStudyiOSTests;
			productReference = C3946D762E703F8700363046 /* CleanArchitectureStudyiOSTests.xctest */;
			productType = "com.apple.product-type.bundle.unit-test";
		};
		C3946D7F2E703F8700363046 /* CleanArchitectureStudyiOSUITests */ = {
			isa = PBXNativeTarget;
			buildConfigurationList = C3946D902E703F8700363046 /* Build configuration list for PBXNativeTarget "CleanArchitectureStudyiOSUITests" */;
			buildPhases = (
				C3946D7C2E703F8700363046 /* Sources */,
				C3946D7D2E703F8700363046 /* Frameworks */,
				C3946D7E2E703F8700363046 /* Resources */,
			);
			buildRules = (
			);
			dependencies = (
				C3946D822E703F8700363046 /* PBXTargetDependency */,
			);
			fileSystemSynchronizedGroups = (
				C3946D832E703F8700363046 /* CleanArchitectureStudyiOSUITests */,
			);
			name = CleanArchitectureStudyiOSUITests;
			packageProductDependencies = (
			);
			productName = CleanArchitectureStudyiOSUITests;
			productReference = C3946D802E703F8700363046 /* CleanArchitectureStudyiOSUITests.xctest */;
			productType = "com.apple.product-type.bundle.ui-testing";
		};
/* End PBXNativeTarget section */

/* Begin PBXProject section */
		C3946D612E703F8600363046 /* Project object */ = {
			isa = PBXProject;
			attributes = {
				BuildIndependentTargetsInParallel = 1;
				LastSwiftUpdateCheck = 1640;
				LastUpgradeCheck = 1640;
				TargetAttributes = {
					C3946D682E703F8600363046 = {
						CreatedOnToolsVersion = 16.4;
					};
					C3946D752E703F8700363046 = {
						CreatedOnToolsVersion = 16.4;
						TestTargetID = C3946D682E703F8600363046;
					};
					C3946D7F2E703F8700363046 = {
						CreatedOnToolsVersion = 16.4;
						TestTargetID = C3946D682E703F8600363046;
					};
				};
			};
			buildConfigurationList = C3946D642E703F8600363046 /* Build configuration list for PBXProject "CleanArchitectureStudyiOS" */;
			developmentRegion = en;
			hasScannedForEncodings = 0;
			knownRegions = (
				en,
				Base,
			);
			mainGroup = C3946D602E703F8600363046;
			minimizedProjectReferenceProxies = 1;
			preferredProjectObjectVersion = 77;
			productRefGroup = C3946D6A2E703F8600363046 /* Products */;
			projectDirPath = "";
			projectRoot = "";
			targets = (
				C3946D682E703F8600363046 /* CleanArchitectureStudyiOS */,
				C3946D752E703F8700363046 /* CleanArchitectureStudyiOSTests */,
				C3946D7F2E703F8700363046 /* CleanArchitectureStudyiOSUITests */,
			);
		};
/* End PBXProject section */

/* Begin PBXResourcesBuildPhase section */
		C3946D672E703F8600363046 /* Resources */ = {
			isa = PBXResourcesBuildPhase;
			buildActionMask = 2147483647;
			files = (
			);
			runOnlyForDeploymentPostprocessing = 0;
		};
		C3946D742E703F8700363046 /* Resources */ = {
			isa = PBXResourcesBuildPhase;
			buildActionMask = 2147483647;
			files = (
			);
			runOnlyForDeploymentPostprocessing = 0;
		};
		C3946D7E2E703F8700363046 /* Resources */ = {
			isa = PBXResourcesBuildPhase;
			buildActionMask = 2147483647;
			files = (
			);
			runOnlyForDeploymentPostprocessing = 0;
		};
/* End PBXResourcesBuildPhase section */

/* Begin PBXSourcesBuildPhase section */
		C3946D652E703F8600363046 /* Sources */ = {
			isa = PBXSourcesBuildPhase;
			buildActionMask = 2147483647;
			files = (
			);
			runOnlyForDeploymentPostprocessing = 0;
		};
		C3946D722E703F8700363046 /* Sources */ = {
			isa = PBXSourcesBuildPhase;
			buildActionMask = 2147483647;
			files = (
			);
			runOnlyForDeploymentPostprocessing = 0;
		};
		C3946D7C2E703F8700363046 /* Sources */ = {
			isa = PBXSourcesBuildPhase;
			buildActionMask = 2147483647;
			files = (
			);
			runOnlyForDeploymentPostprocessing = 0;
		};
/* End PBXSourcesBuildPhase section */

/* Begin PBXTargetDependency section */
		C3946D782E703F8700363046 /* PBXTargetDependency */ = {
			isa = PBXTargetDependency;
			target = C3946D682E703F8600363046 /* CleanArchitectureStudyiOS */;
			targetProxy = C3946D772E703F8700363046 /* PBXContainerItemProxy */;
		};
		C3946D822E703F8700363046 /* PBXTargetDependency */ = {
			isa = PBXTargetDependency;
			target = C3946D682E703F8600363046 /* CleanArchitectureStudyiOS */;
			targetProxy = C3946D812E703F8700363046 /* PBXContainerItemProxy */;
		};
/* End PBXTargetDependency section */

/* Begin XCBuildConfiguration section */
		C3946D882E703F8700363046 /* Debug */ = {
			isa = XCBuildConfiguration;
			buildSettings = {
				ALWAYS_SEARCH_USER_PATHS = NO;
				ASSETCATALOG_COMPILER_GENERATE_SWIFT_ASSET_SYMBOL_EXTENSIONS = YES;
				CLANG_ANALYZER_NONNULL = YES;
				CLANG_ANALYZER_NUMBER_OBJECT_CONVERSION = YES_AGGRESSIVE;
				CLANG_CXX_LANGUAGE_STANDARD = "gnu++20";
				CLANG_ENABLE_MODULES = YES;
				CLANG_ENABLE_OBJC_ARC = YES;
				CLANG_ENABLE_OBJC_WEAK = YES;
				CLANG_WARN_BLOCK_CAPTURE_AUTORELEASING = YES;
				CLANG_WARN_BOOL_CONVERSION = YES;
				CLANG_WARN_COMMA = YES;
				CLANG_WARN_CONSTANT_CONVERSION = YES;
				CLANG_WARN_DEPRECATED_OBJC_IMPLEMENTATIONS = YES;
				CLANG_WARN_DIRECT_OBJC_ISA_USAGE = YES_ERROR;
				CLANG_WARN_DOCUMENTATION_COMMENTS = YES;
				CLANG_WARN_EMPTY_BODY = YES;
				CLANG_WARN_ENUM_CONVERSION = YES;
				CLANG_WARN_INFINITE_RECURSION = YES;
				CLANG_WARN_INT_CONVERSION = YES;
				CLANG_WARN_NON_LITERAL_NULL_CONVERSION = YES;
				CLANG_WARN_OBJC_IMPLICIT_RETAIN_SELF = YES;
				CLANG_WARN_OBJC_LITERAL_CONVERSION = YES;
				CLANG_WARN_OBJC_ROOT_CLASS = YES_ERROR;
				CLANG_WARN_QUOTED_INCLUDE_IN_FRAMEWORK_HEADER = YES;
				CLANG_WARN_RANGE_LOOP_ANALYSIS = YES;
				CLANG_WARN_STRICT_PROTOTYPES = YES;
				CLANG_WARN_SUSPICIOUS_MOVE = YES;
				CLANG_WARN_UNGUARDED_AVAILABILITY = YES_AGGRESSIVE;
				CLANG_WARN_UNREACHABLE_CODE = YES;
				CLANG_WARN__DUPLICATE_METHOD_MATCH = YES;
				COPY_PHASE_STRIP = NO;
				DEBUG_INFORMATION_FORMAT = dwarf;
				ENABLE_STRICT_OBJC_MSGSEND = YES;
				ENABLE_TESTABILITY = YES;
				ENABLE_USER_SCRIPT_SANDBOXING = YES;
				GCC_C_LANGUAGE_STANDARD = gnu17;
				GCC_DYNAMIC_NO_PIC = NO;
				GCC_NO_COMMON_BLOCKS = YES;
				GCC_OPTIMIZATION_LEVEL = 0;
				GCC_PREPROCESSOR_DEFINITIONS = (
					"DEBUG=1",
					"$(inherited)",
				);
				GCC_WARN_64_TO_32_BIT_CONVERSION = YES;
				GCC_WARN_ABOUT_RETURN_TYPE = YES_ERROR;
				GCC_WARN_UNDECLARED_SELECTOR = YES;
				GCC_WARN_UNINITIALIZED_AUTOS = YES_AGGRESSIVE;
				GCC_WARN_UNUSED_FUNCTION = YES;
				GCC_WARN_UNUSED_VARIABLE = YES;
				IPHONEOS_DEPLOYMENT_TARGET = 18.5;
				LOCALIZATION_PREFERS_STRING_CATALOGS = YES;
				MTL_ENABLE_DEBUG_INFO = INCLUDE_SOURCE;
				MTL_FAST_MATH = YES;
				ONLY_ACTIVE_ARCH = YES;
				SDKROOT = iphoneos;
				SWIFT_ACTIVE_COMPILATION_CONDITIONS = "DEBUG $(inherited)";
				SWIFT_OPTIMIZATION_LEVEL = "-Onone";
			};
			name = Debug;
		};
		C3946D892E703F8700363046 /* Release */ = {
			isa = XCBuildConfiguration;
			buildSettings = {
				ALWAYS_SEARCH_USER_PATHS = NO;
				ASSETCATALOG_COMPILER_GENERATE_SWIFT_ASSET_SYMBOL_EXTENSIONS = YES;
				CLANG_ANALYZER_NONNULL = YES;
				CLANG_ANALYZER_NUMBER_OBJECT_CONVERSION = YES_AGGRESSIVE;
				CLANG_CXX_LANGUAGE_STANDARD = "gnu++20";
				CLANG_ENABLE_MODULES = YES;
				CLANG_ENABLE_OBJC_ARC = YES;
				CLANG_ENABLE_OBJC_WEAK = YES;
				CLANG_WARN_BLOCK_CAPTURE_AUTORELEASING = YES;
				CLANG_WARN_BOOL_CONVERSION = YES;
				CLANG_WARN_COMMA = YES;
				CLANG_WARN_CONSTANT_CONVERSION = YES;
				CLANG_WARN_DEPRECATED_OBJC_IMPLEMENTATIONS = YES;
				CLANG_WARN_DIRECT_OBJC_ISA_USAGE = YES_ERROR;
				CLANG_WARN_DOCUMENTATION_COMMENTS = YES;
				CLANG_WARN_EMPTY_BODY = YES;
				CLANG_WARN_ENUM_CONVERSION = YES;
				CLANG_WARN_INFINITE_RECURSION = YES;
				CLANG_WARN_INT_CONVERSION = YES;
				CLANG_WARN_NON_LITERAL_NULL_CONVERSION = YES;
				CLANG_WARN_OBJC_IMPLICIT_RETAIN_SELF = YES;
				CLANG_WARN_OBJC_LITERAL_CONVERSION = YES;
				CLANG_WARN_OBJC_ROOT_CLASS = YES_ERROR;
				CLANG_WARN_QUOTED_INCLUDE_IN_FRAMEWORK_HEADER = YES;
				CLANG_WARN_RANGE_LOOP_ANALYSIS = YES;
				CLANG_WARN_STRICT_PROTOTYPES = YES;
				CLANG_WARN_SUSPICIOUS_MOVE = YES;
				CLANG_WARN_UNGUARDED_AVAILABILITY = YES_AGGRESSIVE;
				CLANG_WARN_UNREACHABLE_CODE = YES;
				CLANG_WARN__DUPLICATE_METHOD_MATCH = YES;
				COPY_PHASE_STRIP = NO;
				DEBUG_INFORMATION_FORMAT = "dwarf-with-dsym";
				ENABLE_NS_ASSERTIONS = NO;
				ENABLE_STRICT_OBJC_MSGSEND = YES;
				ENABLE_USER_SCRIPT_SANDBOXING = YES;
				GCC_C_LANGUAGE_STANDARD = gnu17;
				GCC_NO_COMMON_BLOCKS = YES;
				GCC_WARN_64_TO_32_BIT_CONVERSION = YES;
				GCC_WARN_ABOUT_RETURN_TYPE = YES_ERROR;
				GCC_WARN_UNDECLARED_SELECTOR = YES;
				GCC_WARN_UNINITIALIZED_AUTOS = YES_AGGRESSIVE;
				GCC_WARN_UNUSED_FUNCTION = YES;
				GCC_WARN_UNUSED_VARIABLE = YES;
				IPHONEOS_DEPLOYMENT_TARGET = 18.5;
				LOCALIZATION_PREFERS_STRING_CATALOGS = YES;
				MTL_ENABLE_DEBUG_INFO = NO;
				MTL_FAST_MATH = YES;
				SDKROOT = iphoneos;
				SWIFT_COMPILATION_MODE = wholemodule;
				VALIDATE_PRODUCT = YES;
			};
			name = Release;
		};
		C3946D8B2E703F8700363046 /* Debug */ = {
			isa = XCBuildConfiguration;
			buildSettings = {
				ASSETCATALOG_COMPILER_APPICON_NAME = AppIcon;
				ASSETCATALOG_COMPILER_GLOBAL_ACCENT_COLOR_NAME = AccentColor;
				CODE_SIGN_STYLE = Automatic;
				CURRENT_PROJECT_VERSION = 1;
				ENABLE_PREVIEWS = YES;
				GENERATE_INFOPLIST_FILE = YES;
				INFOPLIST_KEY_UIApplicationSceneManifest_Generation = YES;
				INFOPLIST_KEY_UIApplicationSupportsIndirectInputEvents = YES;
				INFOPLIST_KEY_UILaunchScreen_Generation = YES;
				INFOPLIST_KEY_UISupportedInterfaceOrientations_iPad = "UIInterfaceOrientationPortrait UIInterfaceOrientationPortraitUpsideDown UIInterfaceOrientationLandscapeLeft UIInterfaceOrientationLandscapeRight";
				INFOPLIST_KEY_UISupportedInterfaceOrientations_iPhone = "UIInterfaceOrientationPortrait UIInterfaceOrientationLandscapeLeft UIInterfaceOrientationLandscapeRight";
				LD_RUNPATH_SEARCH_PATHS = (
					"$(inherited)",
					"@executable_path/Frameworks",
				);
				MARKETING_VERSION = 1.0;
				PRODUCT_BUNDLE_IDENTIFIER = com.dendilstory.yu.CleanArchitectureStudyiOS;
				PRODUCT_NAME = "$(TARGET_NAME)";
				SWIFT_EMIT_LOC_STRINGS = YES;
				SWIFT_VERSION = 5.0;
				TARGETED_DEVICE_FAMILY = "1,2";
			};
			name = Debug;
		};
		C3946D8C2E703F8700363046 /* Release */ = {
			isa = XCBuildConfiguration;
			buildSettings = {
				ASSETCATALOG_COMPILER_APPICON_NAME = AppIcon;
				ASSETCATALOG_COMPILER_GLOBAL_ACCENT_COLOR_NAME = AccentColor;
				CODE_SIGN_STYLE = Automatic;
				CURRENT_PROJECT_VERSION = 1;
				ENABLE_PREVIEWS = YES;
				GENERATE_INFOPLIST_FILE = YES;
				INFOPLIST_KEY_UIApplicationSceneManifest_Generation = YES;
				INFOPLIST_KEY_UIApplicationSupportsIndirectInputEvents = YES;
				INFOPLIST_KEY_UILaunchScreen_Generation = YES;
				INFOPLIST_KEY_UISupportedInterfaceOrientations_iPad = "UIInterfaceOrientationPortrait UIInterfaceOrientationPortraitUpsideDown UIInterfaceOrientationLandscapeLeft UIInterfaceOrientationLandscapeRight";
				INFOPLIST_KEY_UISupportedInterfaceOrientations_iPhone = "UIInterfaceOrientationPortrait UIInterfaceOrientationLandscapeLeft UIInterfaceOrientationLandscapeRight";
				LD_RUNPATH_SEARCH_PATHS = (
					"$(inherited)",
					"@executable_path/Frameworks",
				);
				MARKETING_VERSION = 1.0;
				PRODUCT_BUNDLE_IDENTIFIER = com.dendilstory.yu.CleanArchitectureStudyiOS;
				PRODUCT_NAME = "$(TARGET_NAME)";
				SWIFT_EMIT_LOC_STRINGS = YES;
				SWIFT_VERSION = 5.0;
				TARGETED_DEVICE_FAMILY = "1,2";
			};
			name = Release;
		};
		C3946D8E2E703F8700363046 /* Debug */ = {
			isa = XCBuildConfiguration;
			buildSettings = {
				BUNDLE_LOADER = "$(TEST_HOST)";
				CODE_SIGN_STYLE = Automatic;
				CURRENT_PROJECT_VERSION = 1;
				GENERATE_INFOPLIST_FILE = YES;
				IPHONEOS_DEPLOYMENT_TARGET = 18.5;
				MARKETING_VERSION = 1.0;
				PRODUCT_BUNDLE_IDENTIFIER = com.dendilstory.yu.CleanArchitectureStudyiOSTests;
				PRODUCT_NAME = "$(TARGET_NAME)";
				SWIFT_EMIT_LOC_STRINGS = NO;
				SWIFT_VERSION = 5.0;
				TARGETED_DEVICE_FAMILY = "1,2";
				TEST_HOST = "$(BUILT_PRODUCTS_DIR)/CleanArchitectureStudyiOS.app/$(BUNDLE_EXECUTABLE_FOLDER_PATH)/CleanArchitectureStudyiOS";
			};
			name = Debug;
		};
		C3946D8F2E703F8700363046 /* Release */ = {
			isa = XCBuildConfiguration;
			buildSettings = {
				BUNDLE_LOADER = "$(TEST_HOST)";
				CODE_SIGN_STYLE = Automatic;
				CURRENT_PROJECT_VERSION = 1;
				GENERATE_INFOPLIST_FILE = YES;
				IPHONEOS_DEPLOYMENT_TARGET = 18.5;
				MARKETING_VERSION = 1.0;
				PRODUCT_BUNDLE_IDENTIFIER = com.dendilstory.yu.CleanArchitectureStudyiOSTests;
				PRODUCT_NAME = "$(TARGET_NAME)";
				SWIFT_EMIT_LOC_STRINGS = NO;
				SWIFT_VERSION = 5.0;
				TARGETED_DEVICE_FAMILY = "1,2";
				TEST_HOST = "$(BUILT_PRODUCTS_DIR)/CleanArchitectureStudyiOS.app/$(BUNDLE_EXECUTABLE_FOLDER_PATH)/CleanArchitectureStudyiOS";
			};
			name = Release;
		};
		C3946D912E703F8700363046 /* Debug */ = {
			isa = XCBuildConfiguration;
			buildSettings = {
				CODE_SIGN_STYLE = Automatic;
				CURRENT_PROJECT_VERSION = 1;
				GENERATE_INFOPLIST_FILE = YES;
				MARKETING_VERSION = 1.0;
				PRODUCT_BUNDLE_IDENTIFIER = com.dendilstory.yu.CleanArchitectureStudyiOSUITests;
				PRODUCT_NAME = "$(TARGET_NAME)";
				SWIFT_EMIT_LOC_STRINGS = NO;
				SWIFT_VERSION = 5.0;
				TARGETED_DEVICE_FAMILY = "1,2";
				TEST_TARGET_NAME = CleanArchitectureStudyiOS;
			};
			name = Debug;
		};
		C3946D922E703F8700363046 /* Release */ = {
			isa = XCBuildConfiguration;
			buildSettings = {
				CODE_SIGN_STYLE = Automatic;
				CURRENT_PROJECT_VERSION = 1;
				GENERATE_INFOPLIST_FILE = YES;
				MARKETING_VERSION = 1.0;
				PRODUCT_BUNDLE_IDENTIFIER = com.dendilstory.yu.CleanArchitectureStudyiOSUITests;
				PRODUCT_NAME = "$(TARGET_NAME)";
				SWIFT_EMIT_LOC_STRINGS = NO;
				SWIFT_VERSION = 5.0;
				TARGETED_DEVICE_FAMILY = "1,2";
				TEST_TARGET_NAME = CleanArchitectureStudyiOS;
			};
			name = Release;
		};
/* End XCBuildConfiguration section */

/* Begin XCConfigurationList section */
		C3946D642E703F8600363046 /* Build configuration list for PBXProject "CleanArchitectureStudyiOS" */ = {
			isa = XCConfigurationList;
			buildConfigurations = (
				C3946D882E703F8700363046 /* Debug */,
				C3946D892E703F8700363046 /* Release */,
			);
			defaultConfigurationIsVisible = 0;
			defaultConfigurationName = Release;
		};
		C3946D8A2E703F8700363046 /* Build configuration list for PBXNativeTarget "CleanArchitectureStudyiOS" */ = {
			isa = XCConfigurationList;
			buildConfigurations = (
				C3946D8B2E703F8700363046 /* Debug */,
				C3946D8C2E703F8700363046 /* Release */,
			);
			defaultConfigurationIsVisible = 0;
			defaultConfigurationName = Release;
		};
		C3946D8D2E703F8700363046 /* Build configuration list for PBXNativeTarget "CleanArchitectureStudyiOSTests" */ = {
			isa = XCConfigurationList;
			buildConfigurations = (
				C3946D8E2E703F8700363046 /* Debug */,
				C3946D8F2E703F8700363046 /* Release */,
			);
			defaultConfigurationIsVisible = 0;
			defaultConfigurationName = Release;
		};
		C3946D902E703F8700363046 /* Build configuration list for PBXNativeTarget "CleanArchitectureStudyiOSUITests" */ = {
			isa = XCConfigurationList;
			buildConfigurations = (
				C3946D912E703F8700363046 /* Debug */,
				C3946D922E703F8700363046 /* Release */,
			);
			defaultConfigurationIsVisible = 0;
			defaultConfigurationName = Release;
		};
/* End XCConfigurationList section */
	};
	rootObject = C3946D612E703F8600363046 /* Project object */;
}
